
Microsoft Visual Studio Solution File, Format Version 12.00
# Visual Studio Version 16
VisualStudioVersion = 16.0.33423.256
MinimumVisualStudioVersion = 10.0.40219.1
Project("{FAE04EC0-301F-11D3-BF4B-00C04F79EFBC}") = "WebApp_camera-laptop", "WebApp_camera-laptop\WebApp_camera-laptop.csproj", "{6AEB0727-207E-4DB6-8D06-37E2D19F77B4}"
EndProject
Global
	GlobalSection(SolutionConfigurationPlatforms) = preSolution
		Debug|Any CPU = Debug|Any CPU
		Release|Any CPU = Release|Any CPU
	EndGlobalSection
	GlobalSection(ProjectConfigurationPlatforms) = postSolution
		{6AEB0727-207E-4DB6-8D06-37E2D19F77B4}.Debug|Any CPU.ActiveCfg = Debug|Any CPU
		{6AEB0727-207E-4DB6-8D06-37E2D19F77B4}.Debug|Any CPU.Build.0 = Debug|Any CPU
		{6AEB0727-207E-4DB6-8D06-37E2D19F77B4}.Release|Any CPU.ActiveCfg = Release|Any CPU
		{6AEB0727-207E-4DB6-8D06-37E2D19F77B4}.Release|Any CPU.Build.0 = Release|Any CPU
	EndGlobalSection
	GlobalSection(SolutionProperties) = preSolution
		HideSolutionNode = FALSE
	EndGlobalSection
	GlobalSection(ExtensibilityGlobals) = postSolution
		SolutionGuid = {3DB11660-D377-4491-9B06-2B339ED6B150}
	EndGlobalSection
EndGlobal
